
Microsoft Visual Studio Solution File, Format Version 12.00
# Visual Studio Version 17
VisualStudioVersion = 17.14.36705.20 d17.14
MinimumVisualStudioVersion = 10.0.40219.1
Project("{FAE04EC0-301F-11D3-BF4B-00C04F79EFBC}") = "PublisherConsole", "PublisherConsole\PublisherConsole.csproj", "{CF2DB087-A281-A290-93BE-D6B0BDBAEEE4}"
EndProject
Project("{FAE04EC0-301F-11D3-BF4B-00C04F79EFBC}") = "PublisherDomain", "PublisherDomain\PublisherDomain.csproj", "{BBCBDB91-EB6F-7226-7152-B42E71D2BEAB}"
EndProject
Project("{FAE04EC0-301F-11D3-BF4B-00C04F79EFBC}") = "PublisherDataAccess", "PublisherDataAccess\PublisherDataAccess.csproj", "{F96D469C-0FB6-40EC-B2B7-6499409D6D1F}"
EndProject
Global
	GlobalSection(SolutionConfigurationPlatforms) = preSolution
		Debug|Any CPU = Debug|Any CPU
		Release|Any CPU = Release|Any CPU
	EndGlobalSection
	GlobalSection(ProjectConfigurationPlatforms) = postSolution
		{CF2DB087-A281-A290-93BE-D6B0BDBAEEE4}.Debug|Any CPU.ActiveCfg = Debug|Any CPU
		{CF2DB087-A281-A290-93BE-D6B0BDBAEEE4}.Debug|Any CPU.Build.0 = Debug|Any CPU
		{CF2DB087-A281-A290-93BE-D6B0BDBAEEE4}.Release|Any CPU.ActiveCfg = Release|Any CPU
		{CF2DB087-A281-A290-93BE-D6B0BDBAEEE4}.Release|Any CPU.Build.0 = Release|Any CPU
		{BBCBDB91-EB6F-7226-7152-B42E71D2BEAB}.Debug|Any CPU.ActiveCfg = Debug|Any CPU
		{BBCBDB91-EB6F-7226-7152-B42E71D2BEAB}.Debug|Any CPU.Build.0 = Debug|Any CPU
		{BBCBDB91-EB6F-7226-7152-B42E71D2BEAB}.Release|Any CPU.ActiveCfg = Release|Any CPU
		{BBCBDB91-EB6F-7226-7152-B42E71D2BEAB}.Release|Any CPU.Build.0 = Release|Any CPU
		{F96D469C-0FB6-40EC-B2B7-6499409D6D1F}.Debug|Any CPU.ActiveCfg = Debug|Any CPU
		{F96D469C-0FB6-40EC-B2B7-6499409D6D1F}.Debug|Any CPU.Build.0 = Debug|Any CPU
		{F96D469C-0FB6-40EC-B2B7-6499409D6D1F}.Release|Any CPU.ActiveCfg = Release|Any CPU
		{F96D469C-0FB6-40EC-B2B7-6499409D6D1F}.Release|Any CPU.Build.0 = Release|Any CPU
	EndGlobalSection
	GlobalSection(SolutionProperties) = preSolution
		HideSolutionNode = FALSE
	EndGlobalSection
	GlobalSection(ExtensibilityGlobals) = postSolution
		SolutionGuid = {7A012F0A-49BF-4A95-86F8-647C3E35B3CA}
	EndGlobalSection
EndGlobal
