
Microsoft Visual Studio Solution File, Format Version 12.00
# Visual Studio Version 17
VisualStudioVersion = 17.14.36705.20
MinimumVisualStudioVersion = 10.0.40219.1
Project("{FAE04EC0-301F-11D3-BF4B-00C04F79EFBC}") = "BethaniesPieShope", "WebApps\BethaniesPieShope\BethaniesPieShope.csproj", "{13CE47E2-654D-4361-BE27-FA9673E9A37B}"
EndProject
Global
	GlobalSection(SolutionConfigurationPlatforms) = preSolution
		Debug|Any CPU = Debug|Any CPU
		Release|Any CPU = Release|Any CPU
	EndGlobalSection
	GlobalSection(ProjectConfigurationPlatforms) = postSolution
		{13CE47E2-654D-4361-BE27-FA9673E9A37B}.Debug|Any CPU.ActiveCfg = Debug|Any CPU
		{13CE47E2-654D-4361-BE27-FA9673E9A37B}.Debug|Any CPU.Build.0 = Debug|Any CPU
		{13CE47E2-654D-4361-BE27-FA9673E9A37B}.Release|Any CPU.ActiveCfg = Release|Any CPU
		{13CE47E2-654D-4361-BE27-FA9673E9A37B}.Release|Any CPU.Build.0 = Release|Any CPU
	EndGlobalSection
	GlobalSection(SolutionProperties) = preSolution
		HideSolutionNode = FALSE
	EndGlobalSection
	GlobalSection(ExtensibilityGlobals) = postSolution
		SolutionGuid = {7A012F0A-49BF-4A95-86F8-647C3E35B3CA}
	EndGlobalSection
EndGlobal
